# THIS IS AN AUTOGENERATED FILE. DO NOT EDIT THIS FILE DIRECTLY.
# yarn lockfile v1


"@sinonjs/formatio@^2.0.0":
  version "2.0.0"
  resolved "https://registry.npmjs.org/@sinonjs/formatio/-/formatio-2.0.0.tgz"
  integrity sha512-ls6CAMA6/5gG+O/IdsBcblvnd8qcO/l1TYoNeAzp3wcISOxlPXQEus0mLcdwazEkWjaBdaJ3TaxmNgCLWwvWzg==
  dependencies:
    samsam "1.3.0"

"@sinonjs/samsam@^2.0.0":
  version "2.0.0"
  resolved "https://registry.npmjs.org/@sinonjs/samsam/-/samsam-2.0.0.tgz"
  integrity sha512-D7VxhADdZbDJ0HjUTMnSQ5xIGb4H2yWpg8k9Sf1T08zfFiQYlaxM8LZydpR4FQ2E6LZJX8IlabNZ5io4vdChwg==

balanced-match@^1.0.0:
  version "1.0.0"
  resolved "https://registry.npmjs.org/balanced-match/-/balanced-match-1.0.0.tgz"
  integrity sha512-9Y0g0Q8rmSt+H33DfKv7FOc3v+iRI+o1lbzt8jGcIosYW37IIW/2XVYq5NPdmaD5NQ59Nk26Kl/vZbwW9Fr8vg==

brace-expansion@^1.1.7:
  version "1.1.11"
  resolved "https://registry.npmjs.org/brace-expansion/-/brace-expansion-1.1.11.tgz"
  integrity sha512-iCuPHDFgrHX7H2vEI/5xpz07zSHB00TpugqhmYtVmMO6518mCuRMoOYFldEBl0g187ufozdaHgWKcYFb61qGiA==
  dependencies:
    balanced-match "^1.0.0"
    concat-map "0.0.1"

concat-map@0.0.1:
  version "0.0.1"
  resolved "https://registry.npmjs.org/concat-map/-/concat-map-0.0.1.tgz"
  integrity sha512-/Srv4dswyQNBfohGpz9o6Yb3Gz3SrUDqBH5rTuhGR7ahtlbYKnVxw2bCFMRljaA7EXHaXZ8wsHdodFvbkhKmqg==

deep-equal@~1.0.1:
  version "1.0.1"
  resolved "https://registry.npmjs.org/deep-equal/-/deep-equal-1.0.1.tgz"
  integrity sha512-bHtC0iYvWhyaTzvV3CZgPeZQqCOBGyGsVV7v4eevpdkLHfiSrXUdBG+qAuSz4RI70sszvjQ1QSZ98An1yNwpSw==

define-properties@^1.1.2:
  version "1.1.2"
  resolved "https://registry.npmjs.org/define-properties/-/define-properties-1.1.2.tgz"
  integrity sha512-hpr5VSFXGamODSCN6P2zdSBY6zJT7DlcBAHiPIa2PWDvfBqJQntSK0ehUoHoS6HGeSS19dgj7E+1xOjfG3zEtQ==
  dependencies:
    foreach "^2.0.5"
    object-keys "^1.0.8"

defined@~1.0.0:
  version "1.0.0"
  resolved "https://registry.npmjs.org/defined/-/defined-1.0.0.tgz"
  integrity sha512-Y2caI5+ZwS5c3RiNDJ6u53VhQHv+hHKwhkI1iHvceKUHw9Df6EK2zRLfjejRgMuCuxK7PfSWIMwWecceVvThjQ==

diff@^3.5.0:
  version "3.5.0"
  resolved "https://registry.npmjs.org/diff/-/diff-3.5.0.tgz"
  integrity sha512-A46qtFgd+g7pDZinpnwiRJtxbC1hpgf0uzP3iG89scHk0AUC7A1TGxf5OiiOUv/JMZR8GOt8hL900hV0bOy5xA==

es-abstract@^1.5.0:
  version "1.12.0"
  resolved "https://registry.npmjs.org/es-abstract/-/es-abstract-1.12.0.tgz"
  integrity sha512-C8Fx/0jFmV5IPoMOFPA9P9G5NtqW+4cOPit3MIuvR2t7Ag2K15EJTpxnHAYTzL+aYQJIESYeXZmDBfOBE1HcpA==
  dependencies:
    es-to-primitive "^1.1.1"
    function-bind "^1.1.1"
    has "^1.0.1"
    is-callable "^1.1.3"
    is-regex "^1.0.4"

es-to-primitive@^1.1.1:
  version "1.1.1"
  resolved "https://registry.npmjs.org/es-to-primitive/-/es-to-primitive-1.1.1.tgz"
  integrity sha512-wXsac552n5sYhgVjyFvhXLunXZFPOiT/WgP7hFhUPU5gtaUQpm9OryPwlWQUS3Qptk8iZzY/2T3J62GtC/toSw==
  dependencies:
    is-callable "^1.1.1"
    is-date-object "^1.0.1"
    is-symbol "^1.0.1"

for-each@~0.3.3:
  version "0.3.3"
  resolved "https://registry.npmjs.org/for-each/-/for-each-0.3.3.tgz"
  integrity sha512-jqYfLp7mo9vIyQf8ykW2v7A+2N4QjeCeI5+Dz9XraiO1ign81wjiH7Fb9vSOWvQfNtmSa4H2RoQTrrXivdUZmw==
  dependencies:
    is-callable "^1.1.3"

foreach@^2.0.5:
  version "2.0.5"
  resolved "https://registry.npmjs.org/foreach/-/foreach-2.0.5.tgz"
  integrity sha512-ZBbtRiapkZYLsqoPyZOR+uPfto0GRMNQN1GwzZtZt7iZvPPbDDQV0JF5Hx4o/QFQ5c0vyuoZ98T8RSBbopzWtA==

fs.realpath@^1.0.0:
  version "1.0.0"
  resolved "https://registry.npmjs.org/fs.realpath/-/fs.realpath-1.0.0.tgz"
  integrity sha512-OO0pH2lK6a0hZnAdau5ItzHPI6pUlvI7jMVnxUQRtw4owF2wk8lOSabtGDCTP4Ggrg2MbGnWO9X8K1t4+fGMDw==

function-bind@^1.0.2, function-bind@^1.1.1, function-bind@~1.1.1:
  version "1.1.1"
  resolved "https://registry.npmjs.org/function-bind/-/function-bind-1.1.1.tgz"
  integrity sha512-yIovAzMX49sF8Yl58fSCWJ5svSLuaibPxXQJFLmBObTuCr0Mf1KiPopGM9NiFjiYBCbfaa2Fh6breQ6ANVTI0A==

glob@~7.1.2:
  version "7.1.2"
  resolved "https://registry.npmjs.org/glob/-/glob-7.1.2.tgz"
  integrity sha512-MJTUg1kjuLeQCJ+ccE4Vpa6kKVXkPYJ2mOCQyUuKLcLQsdrMCpBPUi8qVE6+YuaJkozeA9NusTAw3hLr8Xe5EQ==
  dependencies:
    fs.realpath "^1.0.0"
    inflight "^1.0.4"
    inherits "2"
    minimatch "^3.0.4"
    once "^1.3.0"
    path-is-absolute "^1.0.0"

has-flag@^3.0.0:
  version "3.0.0"
  resolved "https://registry.npmjs.org/has-flag/-/has-flag-3.0.0.tgz"
  integrity sha512-sKJf1+ceQBr4SMkvQnBDNDtf4TXpVhVGateu0t918bl30FnbE2m4vNLX+VWe/dpjlb+HugGYzW7uQXH98HPEYw==

has@^1.0.1, has@~1.0.3:
  version "1.0.3"
  resolved "https://registry.npmjs.org/has/-/has-1.0.3.tgz"
  integrity sha512-f2dvO0VU6Oej7RkWJGrehjbzMAjFp5/VKPp5tTpWIV4JHHZK1/BxbFRtf/siA2SWTe09caDmVtYYzWEIbBS4zw==
  dependencies:
    function-bind "^1.1.1"

inflight@^1.0.4:
  version "1.0.6"
  resolved "https://registry.npmjs.org/inflight/-/inflight-1.0.6.tgz"
  integrity sha512-k92I/b08q4wvFscXCLvqfsHCrjrF7yiXsQuIVvVE7N82W3+aqpzuUdBbfhWcy/FZR3/4IgflMgKLOsvPDrGCJA==
  dependencies:
    once "^1.3.0"
    wrappy "1"

inherits@~2.0.3, inherits@2:
  version "2.0.3"
  resolved "https://registry.npmjs.org/inherits/-/inherits-2.0.3.tgz"
  integrity sha512-x00IRNXNy63jwGkJmzPigoySHbaqpNuzKbBOmzK+g2OdZpQ9w+sxCN+VSB3ja7IAge2OP2qpfxTjeNcyjmW1uw==

is-callable@^1.1.1, is-callable@^1.1.3:
  version "1.1.4"
  resolved "https://registry.npmjs.org/is-callable/-/is-callable-1.1.4.tgz"
  integrity sha512-r5p9sxJjYnArLjObpjA4xu5EKI3CuKHkJXMhT7kwbpUyIFD1n5PMAsoPvWnvtZiNz7LjkYDRZhd7FlI0eMijEA==

is-date-object@^1.0.1:
  version "1.0.1"
  resolved "https://registry.npmjs.org/is-date-object/-/is-date-object-1.0.1.tgz"
  integrity sha512-P5rExV1phPi42ppoMWy7V63N3i173RY921l4JJ7zonMSxK+OWGPj76GD+cUKUb68l4vQXcJp2SsG+r/A4ABVzg==

is-regex@^1.0.4:
  version "1.0.4"
  resolved "https://registry.npmjs.org/is-regex/-/is-regex-1.0.4.tgz"
  integrity sha512-WQgPrEkb1mPCWLSlLFuN1VziADSixANugwSkJfPRR73FNWIQQN+tR/t1zWfyES/Y9oag/XBtVsahFdfBku3Kyw==
  dependencies:
    has "^1.0.1"

is-symbol@^1.0.1:
  version "1.0.1"
  resolved "https://registry.npmjs.org/is-symbol/-/is-symbol-1.0.1.tgz"
  integrity sha512-Z1cLAG7dXM1vJv8mAGjA+XteO0YzYPwD473+qPAWKycNZxwCH/I56QIohKGYCZSB7j6tajrxi/FvOpAfqGhhRQ==

isarray@0.0.1:
  version "0.0.1"
  resolved "https://registry.npmjs.org/isarray/-/isarray-0.0.1.tgz"
  integrity sha512-D2S+3GLxWH+uhrNEcoh/fnmYeP8E8/zHl644d/jdA0g2uyXvy3sb0qxotE+ne0LtccHknQzWwZEzhak7oJ0COQ==

just-extend@^1.1.27:
  version "1.1.27"
  resolved "https://registry.npmjs.org/just-extend/-/just-extend-1.1.27.tgz"
  integrity sha512-mJVp13Ix6gFo3SBAy9U/kL+oeZqzlYYYLQBwXVBlVzIsZwBqGREnOro24oC/8s8aox+rJhtZ2DiQof++IrkA+g==

lodash.get@^4.4.2:
  version "4.4.2"
  resolved "https://registry.npmjs.org/lodash.get/-/lodash.get-4.4.2.tgz"
  integrity sha512-z+Uw/vLuy6gQe8cfaFWD7p0wVv8fJl3mbzXh33RS+0oW2wvUqiRXiQ69gLWSLpgB5/6sU+r6BlQR0MBILadqTQ==

lolex@^2.3.2, lolex@^2.7.1:
  version "2.7.1"
  resolved "https://registry.npmjs.org/lolex/-/lolex-2.7.1.tgz"
  integrity sha512-Oo2Si3RMKV3+lV5MsSWplDQFoTClz/24S0MMHYcgGWWmFXr6TMlqcqk/l1GtH+d5wLBwNRiqGnwDRMirtFalJw==

minimatch@^3.0.4:
  version "3.0.4"
  resolved "https://registry.npmjs.org/minimatch/-/minimatch-3.0.4.tgz"
  integrity sha512-yJHVQEhyqPLUTgt9B83PXu6W3rx4MvvHvSUvToogpwoGDOUQ+yDrR0HRot+yOCdCO7u4hX3pWft6kWBBcqh0UA==
  dependencies:
    brace-expansion "^1.1.7"

minimist@~1.2.0:
  version "1.2.0"
  resolved "https://registry.npmjs.org/minimist/-/minimist-1.2.0.tgz"
  integrity sha512-7Wl+Jz+IGWuSdgsQEJ4JunV0si/iMhg42MnQQG6h1R6TNeVenp4U9x5CC5v/gYqz/fENLQITAWXidNtVL0NNbw==

nise@^1.4.2:
  version "1.4.2"
  resolved "https://registry.npmjs.org/nise/-/nise-1.4.2.tgz"
  integrity sha512-BxH/DxoQYYdhKgVAfqVy4pzXRZELHOIewzoesxpjYvpU+7YOalQhGNPf7wAx8pLrTNPrHRDlLOkAl8UI0ZpXjw==
  dependencies:
    "@sinonjs/formatio" "^2.0.0"
    just-extend "^1.1.27"
    lolex "^2.3.2"
    path-to-regexp "^1.7.0"
    text-encoding "^0.6.4"

object-inspect@~1.6.0:
  version "1.6.0"
  resolved "https://registry.npmjs.org/object-inspect/-/object-inspect-1.6.0.tgz"
  integrity sha512-GJzfBZ6DgDAmnuaM3104jR4s1Myxr3Y3zfIyN4z3UdqN69oSRacNK8UhnobDdC+7J2AHCjGwxQubNJfE70SXXQ==

object-keys@^1.0.8:
  version "1.0.12"
  resolved "https://registry.npmjs.org/object-keys/-/object-keys-1.0.12.tgz"
  integrity sha512-FTMyFUm2wBcGHnH2eXmz7tC6IwlqQZ6mVZ+6dm6vZ4IQIHjs6FdNsQBuKGPuUUUY6NfJw2PshC08Tn6LzLDOag==

once@^1.3.0:
  version "1.4.0"
  resolved "https://registry.npmjs.org/once/-/once-1.4.0.tgz"
  integrity sha512-lNaJgI+2Q5URQBkccEKHTQOPaXdUxnZZElQTZY0MFUAuaEqe1E+Nyvgdz/aIyNi6Z9MzO5dv1H8n58/GELp3+w==
  dependencies:
    wrappy "1"

path-is-absolute@^1.0.0:
  version "1.0.1"
  resolved "https://registry.npmjs.org/path-is-absolute/-/path-is-absolute-1.0.1.tgz"
  integrity sha512-AVbw3UJ2e9bq64vSaS9Am0fje1Pa8pbGqTTsmXfaIiMpnr5DlDhfJOuLj9Sf95ZPVDAUerDfEk88MPmPe7UCQg==

path-parse@^1.0.5:
  version "1.0.5"
  resolved "https://registry.npmjs.org/path-parse/-/path-parse-1.0.5.tgz"
  integrity sha512-u4e4H/UUeMbJ1UnBnePf6r4cm4fFZs57BMocUSFeea807JTYk2HJnE9GjUpWHaDZk1OQGoArnWW1yEo9nd57ww==

path-to-regexp@^1.7.0:
  version "1.7.0"
  resolved "https://registry.npmjs.org/path-to-regexp/-/path-to-regexp-1.7.0.tgz"
  integrity sha512-nifX1uj4S9IrK/w3Xe7kKvNEepXivANs9ng60Iq7PU/BlouV3yL/VUhFqTuTq33ykwUqoNcTeGo5vdOBP4jS/Q==
  dependencies:
    isarray "0.0.1"

resolve@~1.7.1:
  version "1.7.1"
  resolved "https://registry.npmjs.org/resolve/-/resolve-1.7.1.tgz"
  integrity sha512-c7rwLofp8g1U+h1KNyHL/jicrKg1Ek4q+Lr33AL65uZTinUZHe30D5HlyN5V9NW0JX1D5dXQ4jqW5l7Sy/kGfw==
  dependencies:
    path-parse "^1.0.5"

resumer@~0.0.0:
  version "0.0.0"
  resolved "https://registry.npmjs.org/resumer/-/resumer-0.0.0.tgz"
  integrity sha512-Fn9X8rX8yYF4m81rZCK/5VmrmsSbqS/i3rDLl6ZZHAXgC2nTAx3dhwG8q8odP/RmdLa2YrybDJaAMg+X1ajY3w==
  dependencies:
    through "~2.3.4"

samsam@1.3.0:
  version "1.3.0"
  resolved "https://registry.npmjs.org/samsam/-/samsam-1.3.0.tgz"
  integrity sha512-1HwIYD/8UlOtFS3QO3w7ey+SdSDFE4HRNLZoZRYVQefrOY3l17epswImeB1ijgJFQJodIaHcwkp3r/myBjFVbg==

sinon@^6.1.4:
  version "6.1.4"
  resolved "https://registry.npmjs.org/sinon/-/sinon-6.1.4.tgz"
  integrity sha512-NFEts+4D4jp2sBjL94fQpZk5o73kzn/g58+I9Dp15i9vsnT4Lk1UEyUf2jACODWLG6Pz/llF0sArYUw47Aarmg==
  dependencies:
    "@sinonjs/formatio" "^2.0.0"
    "@sinonjs/samsam" "^2.0.0"
    diff "^3.5.0"
    lodash.get "^4.4.2"
    lolex "^2.7.1"
    nise "^1.4.2"
    supports-color "^5.4.0"
    type-detect "^4.0.8"

string.prototype.trim@~1.1.2:
  version "1.1.2"
  resolved "https://registry.npmjs.org/string.prototype.trim/-/string.prototype.trim-1.1.2.tgz"
  integrity sha512-IlEfUereZQqIcv/LJFNPUygFkq0HJCQMnaDr5i+zyRXpeYvF4F8J8u4UFxXICLMY+O3SEfJeaye5AO5miS6a9g==
  dependencies:
    define-properties "^1.1.2"
    es-abstract "^1.5.0"
    function-bind "^1.0.2"

supports-color@^5.4.0:
  version "5.4.0"
  resolved "https://registry.npmjs.org/supports-color/-/supports-color-5.4.0.tgz"
  integrity sha512-zjaXglF5nnWpsq470jSv6P9DwPvgLkuapYmfDm3JWOm0vkNTVF2tI4UrN2r6jH1qM/uc/WtxYY1hYoA2dOKj5w==
  dependencies:
    has-flag "^3.0.0"

tape@^4.9.1:
  version "4.9.1"
  resolved "https://registry.npmjs.org/tape/-/tape-4.9.1.tgz"
  integrity sha512-6fKIXknLpoe/Jp4rzHKFPpJUHDHDqn8jus99IfPnHIjyz78HYlefTGD3b5EkbQzuLfaEvmfPK3IolLgq2xT3kw==
  dependencies:
    deep-equal "~1.0.1"
    defined "~1.0.0"
    for-each "~0.3.3"
    function-bind "~1.1.1"
    glob "~7.1.2"
    has "~1.0.3"
    inherits "~2.0.3"
    minimist "~1.2.0"
    object-inspect "~1.6.0"
    resolve "~1.7.1"
    resumer "~0.0.0"
    string.prototype.trim "~1.1.2"
    through "~2.3.8"

text-encoding@^0.6.4:
  version "0.6.4"
  resolved "https://registry.npmjs.org/text-encoding/-/text-encoding-0.6.4.tgz"
  integrity sha512-hJnc6Qg3dWoOMkqP53F0dzRIgtmsAge09kxUIqGrEUS4qr5rWLckGYaQAVr+opBrIMRErGgy6f5aPnyPpyGRfg==

through@~2.3.4, through@~2.3.8:
  version "2.3.8"
  resolved "https://registry.npmjs.org/through/-/through-2.3.8.tgz"
  integrity sha512-w89qg7PI8wAdvX60bMDP+bFoD5Dvhm9oLheFp5O4a2QF0cSBGsBX4qZmadPMvVqlLJBBci+WqGGOAPvcDeNSVg==

type-detect@^4.0.8:
  version "4.0.8"
  resolved "https://registry.npmjs.org/type-detect/-/type-detect-4.0.8.tgz"
  integrity sha512-0fr/mIH1dlO+x7TlcMy+bIDqKPsw/70tVyeHW787goQjhmqaZe10uwLujubK9q9Lg6Fiho1KUKDYz0Z7k7g5/g==

wrappy@1:
  version "1.0.2"
  resolved "https://registry.npmjs.org/wrappy/-/wrappy-1.0.2.tgz"
  integrity sha512-l4Sp/DRseor9wL6EvV2+TuQn63dMkPjZ/sp9XkghTEbV9KlPS1xUsZ3u7/IQO4wxtcFB4bgpQPRcR3QCvezPcQ==
